PODS:
  - React (0.47.1):
    - React/Core (= 0.47.1)
  - React/Core (0.47.1):
    - Yoga (= 0.47.1.React)
  - RNI18n (2.0.4):
    - React
  - Yoga (0.47.1.React)

DEPENDENCIES:
  - React (from `../node_modules/react-native`)
  - React/Core (from `../node_modules/react-native`)
  - RNI18n (from `../node_modules/react-native-i18n`)
  - Yoga (from `../node_modules/react-native/ReactCommon/yoga`)

EXTERNAL SOURCES:
  React:
    :path: ../node_modules/react-native
  RNI18n:
    :path: ../node_modules/react-native-i18n
  Yoga:
    :path: ../node_modules/react-native/ReactCommon/yoga

SPEC CHECKSUMS:
  React: f705239a901cb3f95445c34468e5b37b6f80a0d4
  RNI18n: 904c39e59803ddeca6889548c0122f824c4c30c8
  Yoga: 13a12502dfabb4c75b914071dcb542af800deed4

PODFILE CHECKSUM: 861eef0a04a2a4bae055f42b460ace7a443f2d72

COCOAPODS: 1.2.1
